
Microsoft Visual Studio Solution File, Format Version 11.00
# Visual Studio 2010
Project("{FAE04EC0-301F-11D3-BF4B-00C04F79EFBC}") = "GameFramework", "GameFramework.csproj", "{F438BAE6-AAFD-C6F8-74DB-25A08122AD15}"
EndProject
Project("{FAE04EC0-301F-11D3-BF4B-00C04F79EFBC}") = "ThirdParty", "ThirdParty.csproj", "{65A9677D-DF7F-A9AE-2669-9B93BEEEAB9B}"
EndProject
Project("{FAE04EC0-301F-11D3-BF4B-00C04F79EFBC}") = "Main", "Main.csproj", "{1B63E748-DBBF-0349-C236-A9FE736D9108}"
EndProject
Project("{FAE04EC0-301F-11D3-BF4B-00C04F79EFBC}") = "GameMode.Editor", "GameMode.Editor.csproj", "{DC2AD0C0-5C75-6846-DF77-DDA5AD617A97}"
EndProject
Project("{FAE04EC0-301F-11D3-BF4B-00C04F79EFBC}") = "GT.Editor", "GT.Editor.csproj", "{A1F837BD-4F26-A07B-D3DB-8824FAA7E4CD}"
EndProject
Project("{FAE04EC0-301F-11D3-BF4B-00C04F79EFBC}") = "HotFix", "HotFix.csproj", "{52E3BB4A-AC16-E237-00DF-9C58CAE33184}"
EndProject
Global
	GlobalSection(SolutionConfigurationPlatforms) = preSolution
		Debug|Any CPU = Debug|Any CPU
		Release|Any CPU = Release|Any CPU
	EndGlobalSection
	GlobalSection(ProjectConfigurationPlatforms) = postSolution
		{F438BAE6-AAFD-C6F8-74DB-25A08122AD15}.Debug|Any CPU.ActiveCfg = Debug|Any CPU
		{F438BAE6-AAFD-C6F8-74DB-25A08122AD15}.Debug|Any CPU.Build.0 = Debug|Any CPU
		{F438BAE6-AAFD-C6F8-74DB-25A08122AD15}.Release|Any CPU.ActiveCfg = Release|Any CPU
		{F438BAE6-AAFD-C6F8-74DB-25A08122AD15}.Release|Any CPU.Build.0 = Release|Any CPU
		{65A9677D-DF7F-A9AE-2669-9B93BEEEAB9B}.Debug|Any CPU.ActiveCfg = Debug|Any CPU
		{65A9677D-DF7F-A9AE-2669-9B93BEEEAB9B}.Debug|Any CPU.Build.0 = Debug|Any CPU
		{65A9677D-DF7F-A9AE-2669-9B93BEEEAB9B}.Release|Any CPU.ActiveCfg = Release|Any CPU
		{65A9677D-DF7F-A9AE-2669-9B93BEEEAB9B}.Release|Any CPU.Build.0 = Release|Any CPU
		{1B63E748-DBBF-0349-C236-A9FE736D9108}.Debug|Any CPU.ActiveCfg = Debug|Any CPU
		{1B63E748-DBBF-0349-C236-A9FE736D9108}.Debug|Any CPU.Build.0 = Debug|Any CPU
		{1B63E748-DBBF-0349-C236-A9FE736D9108}.Release|Any CPU.ActiveCfg = Release|Any CPU
		{1B63E748-DBBF-0349-C236-A9FE736D9108}.Release|Any CPU.Build.0 = Release|Any CPU
		{DC2AD0C0-5C75-6846-DF77-DDA5AD617A97}.Debug|Any CPU.ActiveCfg = Debug|Any CPU
		{DC2AD0C0-5C75-6846-DF77-DDA5AD617A97}.Debug|Any CPU.Build.0 = Debug|Any CPU
		{DC2AD0C0-5C75-6846-DF77-DDA5AD617A97}.Release|Any CPU.ActiveCfg = Release|Any CPU
		{DC2AD0C0-5C75-6846-DF77-DDA5AD617A97}.Release|Any CPU.Build.0 = Release|Any CPU
		{A1F837BD-4F26-A07B-D3DB-8824FAA7E4CD}.Debug|Any CPU.ActiveCfg = Debug|Any CPU
		{A1F837BD-4F26-A07B-D3DB-8824FAA7E4CD}.Debug|Any CPU.Build.0 = Debug|Any CPU
		{A1F837BD-4F26-A07B-D3DB-8824FAA7E4CD}.Release|Any CPU.ActiveCfg = Release|Any CPU
		{A1F837BD-4F26-A07B-D3DB-8824FAA7E4CD}.Release|Any CPU.Build.0 = Release|Any CPU
		{52E3BB4A-AC16-E237-00DF-9C58CAE33184}.Debug|Any CPU.ActiveCfg = Debug|Any CPU
		{52E3BB4A-AC16-E237-00DF-9C58CAE33184}.Debug|Any CPU.Build.0 = Debug|Any CPU
		{52E3BB4A-AC16-E237-00DF-9C58CAE33184}.Release|Any CPU.ActiveCfg = Release|Any CPU
		{52E3BB4A-AC16-E237-00DF-9C58CAE33184}.Release|Any CPU.Build.0 = Release|Any CPU
	EndGlobalSection
	GlobalSection(SolutionProperties) = preSolution
		HideSolutionNode = FALSE
	EndGlobalSection
	GlobalSection(MonoDevelopProperties) = preSolution
		StartupItem = Assembly-CSharp.csproj
	EndGlobalSection
EndGlobal
