
Microsoft Visual Studio Solution File, Format Version 12.00
# Visual Studio 15
Project("{FAE04EC0-301F-11D3-BF4B-00C04F79EFBC}") = "UnityGameFramework", "Assembly-CSharp.csproj", "{7DC02E95-A1AD-526C-2CC5-3442B1E5EC40}"
EndProject
Project("{FAE04EC0-301F-11D3-BF4B-00C04F79EFBC}") = "UnityGameFramework", "Assembly-CSharp-Editor.csproj", "{9295A8C3-D531-70CC-9864-277AFD648A8E}"
EndProject
Global
	GlobalSection(SolutionConfigurationPlatforms) = preSolution
		Debug|Any CPU = Debug|Any CPU
		Release|Any CPU = Release|Any CPU
	EndGlobalSection
	GlobalSection(ProjectConfigurationPlatforms) = postSolution
		{7DC02E95-A1AD-526C-2CC5-3442B1E5EC40}.Debug|Any CPU.ActiveCfg = Debug|Any CPU
		{7DC02E95-A1AD-526C-2CC5-3442B1E5EC40}.Debug|Any CPU.Build.0 = Debug|Any CPU
		{7DC02E95-A1AD-526C-2CC5-3442B1E5EC40}.Release|Any CPU.ActiveCfg = Release|Any CPU
		{7DC02E95-A1AD-526C-2CC5-3442B1E5EC40}.Release|Any CPU.Build.0 = Release|Any CPU
		{9295A8C3-D531-70CC-9864-277AFD648A8E}.Debug|Any CPU.ActiveCfg = Debug|Any CPU
		{9295A8C3-D531-70CC-9864-277AFD648A8E}.Debug|Any CPU.Build.0 = Debug|Any CPU
		{9295A8C3-D531-70CC-9864-277AFD648A8E}.Release|Any CPU.ActiveCfg = Release|Any CPU
		{9295A8C3-D531-70CC-9864-277AFD648A8E}.Release|Any CPU.Build.0 = Release|Any CPU
	EndGlobalSection
	GlobalSection(SolutionProperties) = preSolution
		HideSolutionNode = FALSE
	EndGlobalSection
EndGlobal
